
Microsoft Visual Studio Solution File, Format Version 12.00
# Visual Studio 2013
VisualStudioVersion = 12.0.40629.0
MinimumVisualStudioVersion = 10.0.40219.1
Project("{FAE04EC0-301F-11D3-BF4B-00C04F79EFBC}") = "HPlus", "HPlus\HPlus.csproj", "{3EC8249E-303D-4491-A8C3-05800A22599A}"
EndProject
Project("{2150E333-8FDC-42A3-9474-1A3956D46DE8}") = "UI", "UI", "{23F63EC8-79D7-464D-8B0C-337DA2DDD0AB}"
EndProject
Project("{2150E333-8FDC-42A3-9474-1A3956D46DE8}") = "过滤器、消息盒子、工具", "过滤器、消息盒子、工具", "{7ED0B224-5F16-4541-9B57-202EBD39393E}"
EndProject
Project("{2150E333-8FDC-42A3-9474-1A3956D46DE8}") = "数据访问与验证库", "数据访问与验证库", "{F0D6C716-24A7-434A-A288-C2F4319D0C67}"
EndProject
Project("{FAE04EC0-301F-11D3-BF4B-00C04F79EFBC}") = "Aop", "Aop\Aop.csproj", "{6F39A3A6-2E53-45B9-B9E3-2D3DB4F597A9}"
EndProject
Project("{FAE04EC0-301F-11D3-BF4B-00C04F79EFBC}") = "Application", "Application\Application.csproj", "{33CAC359-F4B4-4B82-84CC-5E7BADE0FD8D}"
EndProject
Project("{FAE04EC0-301F-11D3-BF4B-00C04F79EFBC}") = "Utility", "Utility\Utility.csproj", "{EB839CBA-AE8F-45B8-88B3-F85A84E8C80F}"
EndProject
Project("{FAE04EC0-301F-11D3-BF4B-00C04F79EFBC}") = "WebControl", "WebControl\WebControl.csproj", "{5F2DF45B-B6E5-4687-AFDE-BF2F9E5AB0DB}"
EndProject
Project("{FAE04EC0-301F-11D3-BF4B-00C04F79EFBC}") = "BLL", "BLL\BLL.csproj", "{DC21C673-F22D-4FF4-92A8-476CF947BFC9}"
EndProject
Project("{FAE04EC0-301F-11D3-BF4B-00C04F79EFBC}") = "DAL", "DAL\DAL.csproj", "{81A5962B-761F-4B31-9AB0-B8E17A639315}"
EndProject
Project("{FAE04EC0-301F-11D3-BF4B-00C04F79EFBC}") = "Model", "Model\Model.csproj", "{0065F6D0-F174-40E1-9733-1636B11E0D87}"
EndProject
Project("{FAE04EC0-301F-11D3-BF4B-00C04F79EFBC}") = "DotNet.Utilities", "DotNet.Utilities\DotNet.Utilities.csproj", "{0A9704F9-7864-45AF-BFA7-E09F2B30A29F}"
EndProject
Project("{FAE04EC0-301F-11D3-BF4B-00C04F79EFBC}") = "DbFrame", "DbFrame\DbFrame.csproj", "{5F79A006-5751-4C9D-BEE3-8DDFBAB0F99D}"
EndProject
Global
	GlobalSection(SolutionConfigurationPlatforms) = preSolution
		Debug|Any CPU = Debug|Any CPU
		Release|Any CPU = Release|Any CPU
	EndGlobalSection
	GlobalSection(ProjectConfigurationPlatforms) = postSolution
		{3EC8249E-303D-4491-A8C3-05800A22599A}.Debug|Any CPU.ActiveCfg = Debug|Any CPU
		{3EC8249E-303D-4491-A8C3-05800A22599A}.Debug|Any CPU.Build.0 = Debug|Any CPU
		{3EC8249E-303D-4491-A8C3-05800A22599A}.Release|Any CPU.ActiveCfg = Release|Any CPU
		{3EC8249E-303D-4491-A8C3-05800A22599A}.Release|Any CPU.Build.0 = Release|Any CPU
		{6F39A3A6-2E53-45B9-B9E3-2D3DB4F597A9}.Debug|Any CPU.ActiveCfg = Debug|Any CPU
		{6F39A3A6-2E53-45B9-B9E3-2D3DB4F597A9}.Debug|Any CPU.Build.0 = Debug|Any CPU
		{6F39A3A6-2E53-45B9-B9E3-2D3DB4F597A9}.Release|Any CPU.ActiveCfg = Release|Any CPU
		{6F39A3A6-2E53-45B9-B9E3-2D3DB4F597A9}.Release|Any CPU.Build.0 = Release|Any CPU
		{33CAC359-F4B4-4B82-84CC-5E7BADE0FD8D}.Debug|Any CPU.ActiveCfg = Debug|Any CPU
		{33CAC359-F4B4-4B82-84CC-5E7BADE0FD8D}.Debug|Any CPU.Build.0 = Debug|Any CPU
		{33CAC359-F4B4-4B82-84CC-5E7BADE0FD8D}.Release|Any CPU.ActiveCfg = Release|Any CPU
		{33CAC359-F4B4-4B82-84CC-5E7BADE0FD8D}.Release|Any CPU.Build.0 = Release|Any CPU
		{EB839CBA-AE8F-45B8-88B3-F85A84E8C80F}.Debug|Any CPU.ActiveCfg = Debug|Any CPU
		{EB839CBA-AE8F-45B8-88B3-F85A84E8C80F}.Debug|Any CPU.Build.0 = Debug|Any CPU
		{EB839CBA-AE8F-45B8-88B3-F85A84E8C80F}.Release|Any CPU.ActiveCfg = Release|Any CPU
		{EB839CBA-AE8F-45B8-88B3-F85A84E8C80F}.Release|Any CPU.Build.0 = Release|Any CPU
		{5F2DF45B-B6E5-4687-AFDE-BF2F9E5AB0DB}.Debug|Any CPU.ActiveCfg = Debug|Any CPU
		{5F2DF45B-B6E5-4687-AFDE-BF2F9E5AB0DB}.Debug|Any CPU.Build.0 = Debug|Any CPU
		{5F2DF45B-B6E5-4687-AFDE-BF2F9E5AB0DB}.Release|Any CPU.ActiveCfg = Release|Any CPU
		{5F2DF45B-B6E5-4687-AFDE-BF2F9E5AB0DB}.Release|Any CPU.Build.0 = Release|Any CPU
		{DC21C673-F22D-4FF4-92A8-476CF947BFC9}.Debug|Any CPU.ActiveCfg = Debug|Any CPU
		{DC21C673-F22D-4FF4-92A8-476CF947BFC9}.Debug|Any CPU.Build.0 = Debug|Any CPU
		{DC21C673-F22D-4FF4-92A8-476CF947BFC9}.Release|Any CPU.ActiveCfg = Release|Any CPU
		{DC21C673-F22D-4FF4-92A8-476CF947BFC9}.Release|Any CPU.Build.0 = Release|Any CPU
		{81A5962B-761F-4B31-9AB0-B8E17A639315}.Debug|Any CPU.ActiveCfg = Debug|Any CPU
		{81A5962B-761F-4B31-9AB0-B8E17A639315}.Debug|Any CPU.Build.0 = Debug|Any CPU
		{81A5962B-761F-4B31-9AB0-B8E17A639315}.Release|Any CPU.ActiveCfg = Release|Any CPU
		{81A5962B-761F-4B31-9AB0-B8E17A639315}.Release|Any CPU.Build.0 = Release|Any CPU
		{0065F6D0-F174-40E1-9733-1636B11E0D87}.Debug|Any CPU.ActiveCfg = Debug|Any CPU
		{0065F6D0-F174-40E1-9733-1636B11E0D87}.Debug|Any CPU.Build.0 = Debug|Any CPU
		{0065F6D0-F174-40E1-9733-1636B11E0D87}.Release|Any CPU.ActiveCfg = Release|Any CPU
		{0065F6D0-F174-40E1-9733-1636B11E0D87}.Release|Any CPU.Build.0 = Release|Any CPU
		{0A9704F9-7864-45AF-BFA7-E09F2B30A29F}.Debug|Any CPU.ActiveCfg = Debug|Any CPU
		{0A9704F9-7864-45AF-BFA7-E09F2B30A29F}.Debug|Any CPU.Build.0 = Debug|Any CPU
		{0A9704F9-7864-45AF-BFA7-E09F2B30A29F}.Release|Any CPU.ActiveCfg = Release|Any CPU
		{0A9704F9-7864-45AF-BFA7-E09F2B30A29F}.Release|Any CPU.Build.0 = Release|Any CPU
		{5F79A006-5751-4C9D-BEE3-8DDFBAB0F99D}.Debug|Any CPU.ActiveCfg = Debug|Any CPU
		{5F79A006-5751-4C9D-BEE3-8DDFBAB0F99D}.Debug|Any CPU.Build.0 = Debug|Any CPU
		{5F79A006-5751-4C9D-BEE3-8DDFBAB0F99D}.Release|Any CPU.ActiveCfg = Release|Any CPU
		{5F79A006-5751-4C9D-BEE3-8DDFBAB0F99D}.Release|Any CPU.Build.0 = Release|Any CPU
	EndGlobalSection
	GlobalSection(SolutionProperties) = preSolution
		HideSolutionNode = FALSE
	EndGlobalSection
	GlobalSection(NestedProjects) = preSolution
		{3EC8249E-303D-4491-A8C3-05800A22599A} = {23F63EC8-79D7-464D-8B0C-337DA2DDD0AB}
		{6F39A3A6-2E53-45B9-B9E3-2D3DB4F597A9} = {7ED0B224-5F16-4541-9B57-202EBD39393E}
		{33CAC359-F4B4-4B82-84CC-5E7BADE0FD8D} = {7ED0B224-5F16-4541-9B57-202EBD39393E}
		{EB839CBA-AE8F-45B8-88B3-F85A84E8C80F} = {7ED0B224-5F16-4541-9B57-202EBD39393E}
		{5F2DF45B-B6E5-4687-AFDE-BF2F9E5AB0DB} = {7ED0B224-5F16-4541-9B57-202EBD39393E}
		{5F79A006-5751-4C9D-BEE3-8DDFBAB0F99D} = {F0D6C716-24A7-434A-A288-C2F4319D0C67}
	EndGlobalSection
EndGlobal
